
Microsoft Visual Studio Solution File, Format Version 12.00
# Visual Studio Version 17
VisualStudioVersion = 17.0.32014.148
MinimumVisualStudioVersion = 10.0.40219.1
Project("{FAE04EC0-301F-11D3-BF4B-00C04F79EFBC}") = "LeaveManagement.Web", "LeaveManagement.Web\LeaveManagement.Web.csproj", "{F49D799B-7660-406A-81CD-3B03C3234F61}"
EndProject
Global
	GlobalSection(SolutionConfigurationPlatforms) = preSolution
		Debug|Any CPU = Debug|Any CPU
		Release|Any CPU = Release|Any CPU
	EndGlobalSection
	GlobalSection(ProjectConfigurationPlatforms) = postSolution
		{F49D799B-7660-406A-81CD-3B03C3234F61}.Debug|Any CPU.ActiveCfg = Debug|Any CPU
		{F49D799B-7660-406A-81CD-3B03C3234F61}.Debug|Any CPU.Build.0 = Debug|Any CPU
		{F49D799B-7660-406A-81CD-3B03C3234F61}.Release|Any CPU.ActiveCfg = Release|Any CPU
		{F49D799B-7660-406A-81CD-3B03C3234F61}.Release|Any CPU.Build.0 = Release|Any CPU
	EndGlobalSection
	GlobalSection(SolutionProperties) = preSolution
		HideSolutionNode = FALSE
	EndGlobalSection
	GlobalSection(ExtensibilityGlobals) = postSolution
		SolutionGuid = {194BA85D-0DE9-48A0-BFBF-1A2E5E7A3586}
	EndGlobalSection
EndGlobal
